// !$*UTF8*$!
{
	archiveVersion = 1;
	classes = {
	};
	objectVersion = 77;
	objects = {

/* Begin PBXBuildFile section */
		EC8849502E8F3E0900BC08FA /* SwiftBasicFormat in Frameworks */ = {isa = PBXBuildFile; productRef = EC88494F2E8F3E0900BC08FA /* SwiftBasicFormat */; };
		EC8849522E8F3E0900BC08FA /* SwiftCompilerPlugin in Frameworks */ = {isa = PBXBuildFile; productRef = EC8849512E8F3E0900BC08FA /* SwiftCompilerPlugin */; };
		EC8849542E8F3E0900BC08FA /* SwiftDiagnostics in Frameworks */ = {isa = PBXBuildFile; productRef = EC8849532E8F3E0900BC08FA /* SwiftDiagnostics */; };
		EC8849562E8F3E0900BC08FA /* SwiftIDEUtils in Frameworks */ = {isa = PBXBuildFile; productRef = EC8849552E8F3E0900BC08FA /* SwiftIDEUtils */; };
		EC8849582E8F3E0900BC08FA /* SwiftIfConfig in Frameworks */ = {isa = PBXBuildFile; productRef = EC8849572E8F3E0900BC08FA /* SwiftIfConfig */; };
		EC88495A2E8F3E0900BC08FA /* SwiftLexicalLookup in Frameworks */ = {isa = PBXBuildFile; productRef = EC8849592E8F3E0900BC08FA /* SwiftLexicalLookup */; };
		EC88495C2E8F3E0900BC08FA /* SwiftOperators in Frameworks */ = {isa = PBXBuildFile; productRef = EC88495B2E8F3E0900BC08FA /* SwiftOperators */; };
		EC88495E2E8F3E0900BC08FA /* SwiftParser in Frameworks */ = {isa = PBXBuildFile; productRef = EC88495D2E8F3E0900BC08FA /* SwiftParser */; };
		EC8849602E8F3E0900BC08FA /* SwiftParserDiagnostics in Frameworks */ = {isa = PBXBuildFile; productRef = EC88495F2E8F3E0900BC08FA /* SwiftParserDiagnostics */; };
		EC8849622E8F3E0900BC08FA /* SwiftRefactor in Frameworks */ = {isa = PBXBuildFile; productRef = EC8849612E8F3E0900BC08FA /* SwiftRefactor */; };
		EC8849642E8F3E0900BC08FA /* SwiftSyntax in Frameworks */ = {isa = PBXBuildFile; productRef = EC8849632E8F3E0900BC08FA /* SwiftSyntax */; };
		EC8849662E8F3E0900BC08FA /* SwiftSyntaxBuilder in Frameworks */ = {isa = PBXBuildFile; productRef = EC8849652E8F3E0900BC08FA /* SwiftSyntaxBuilder */; };
		EC8849682E8F3E0900BC08FA /* SwiftSyntaxMacroExpansion in Frameworks */ = {isa = PBXBuildFile; productRef = EC8849672E8F3E0900BC08FA /* SwiftSyntaxMacroExpansion */; };
		EC88496A2E8F3E0900BC08FA /* SwiftSyntaxMacros in Frameworks */ = {isa = PBXBuildFile; productRef = EC8849692E8F3E0900BC08FA /* SwiftSyntaxMacros */; };
		EC88496C2E8F3E0900BC08FA /* SwiftSyntaxMacrosGenericTestSupport in Frameworks */ = {isa = PBXBuildFile; productRef = EC88496B2E8F3E0900BC08FA /* SwiftSyntaxMacrosGenericTestSupport */; };
		EC88496E2E8F3E0900BC08FA /* SwiftSyntaxMacrosTestSupport in Frameworks */ = {isa = PBXBuildFile; productRef = EC88496D2E8F3E0900BC08FA /* SwiftSyntaxMacrosTestSupport */; };
		EC8849702E8F3E0900BC08FA /* _SwiftCompilerPluginMessageHandling in Frameworks */ = {isa = PBXBuildFile; productRef = EC88496F2E8F3E0900BC08FA /* _SwiftCompilerPluginMessageHandling */; };
		EC8849722E8F3E0900BC08FA /* _SwiftLibraryPluginProvider in Frameworks */ = {isa = PBXBuildFile; productRef = EC8849712E8F3E0900BC08FA /* _SwiftLibraryPluginProvider */; };
/* End PBXBuildFile section */

/* Begin PBXContainerItemProxy section */
		EC60CB412E878EB100B065F9 /* PBXContainerItemProxy */ = {
			isa = PBXContainerItemProxy;
			containerPortal = EC60CB2B2E878EAF00B065F9 /* Project object */;
			proxyType = 1;
			remoteGlobalIDString = EC60CB322E878EAF00B065F9;
			remoteInfo = StreamAnimation;
		};
/* End PBXContainerItemProxy section */

/* Begin PBXFileReference section */
		EC60CB332E878EAF00B065F9 /* StreamAnimation.app */ = {isa = PBXFileReference; explicitFileType = wrapper.application; includeInIndex = 0; path = StreamAnimation.app; sourceTree = BUILT_PRODUCTS_DIR; };
		EC60CB402E878EB100B065F9 /* StreamAnimationTests.xctest */ = {isa = PBXFileReference; explicitFileType = wrapper.cfbundle; includeInIndex = 0; path = StreamAnimationTests.xctest; sourceTree = BUILT_PRODUCTS_DIR; };
/* End PBXFileReference section */

/* Begin PBXFileSystemSynchronizedRootGroup section */
		EC60CB352E878EAF00B065F9 /* StreamAnimation */ = {
			isa = PBXFileSystemSynchronizedRootGroup;
			path = StreamAnimation;
			sourceTree = "<group>";
		};
		EC60CB432E878EB100B065F9 /* StreamAnimationTests */ = {
			isa = PBXFileSystemSynchronizedRootGroup;
			path = StreamAnimationTests;
			sourceTree = "<group>";
		};
/* End PBXFileSystemSynchronizedRootGroup section */

/* Begin PBXFrameworksBuildPhase section */
		EC60CB302E878EAF00B065F9 /* Frameworks */ = {
			isa = PBXFrameworksBuildPhase;
			buildActionMask = 2147483647;
			files = (
				EC8849542E8F3E0900BC08FA /* SwiftDiagnostics in Frameworks */,
				EC8849662E8F3E0900BC08FA /* SwiftSyntaxBuilder in Frameworks */,
				EC88496E2E8F3E0900BC08FA /* SwiftSyntaxMacrosTestSupport in Frameworks */,
				EC8849562E8F3E0900BC08FA /* SwiftIDEUtils in Frameworks */,
				EC8849582E8F3E0900BC08FA /* SwiftIfConfig in Frameworks */,
				EC88495C2E8F3E0900BC08FA /* SwiftOperators in Frameworks */,
				EC8849702E8F3E0900BC08FA /* _SwiftCompilerPluginMessageHandling in Frameworks */,
				EC8849642E8F3E0900BC08FA /* SwiftSyntax in Frameworks */,
				EC8849522E8F3E0900BC08FA /* SwiftCompilerPlugin in Frameworks */,
				EC88496C2E8F3E0900BC08FA /* SwiftSyntaxMacrosGenericTestSupport in Frameworks */,
				EC88495E2E8F3E0900BC08FA /* SwiftParser in Frameworks */,
				EC8849502E8F3E0900BC08FA /* SwiftBasicFormat in Frameworks */,
				EC88495A2E8F3E0900BC08FA /* SwiftLexicalLookup in Frameworks */,
				EC88496A2E8F3E0900BC08FA /* SwiftSyntaxMacros in Frameworks */,
				EC8849722E8F3E0900BC08FA /* _SwiftLibraryPluginProvider in Frameworks */,
				EC8849622E8F3E0900BC08FA /* SwiftRefactor in Frameworks */,
				EC8849682E8F3E0900BC08FA /* SwiftSyntaxMacroExpansion in Frameworks */,
				EC8849602E8F3E0900BC08FA /* SwiftParserDiagnostics in Frameworks */,
			);
			runOnlyForDeploymentPostprocessing = 0;
		};
		EC60CB3D2E878EB100B065F9 /* Frameworks */ = {
			isa = PBXFrameworksBuildPhase;
			buildActionMask = 2147483647;
			files = (
			);
			runOnlyForDeploymentPostprocessing = 0;
		};
/* End PBXFrameworksBuildPhase section */

/* Begin PBXGroup section */
		EC60CB2A2E878EAF00B065F9 = {
			isa = PBXGroup;
			children = (
				EC60CB352E878EAF00B065F9 /* StreamAnimation */,
				EC60CB432E878EB100B065F9 /* StreamAnimationTests */,
				EC60CB342E878EAF00B065F9 /* Products */,
			);
			sourceTree = "<group>";
		};
		EC60CB342E878EAF00B065F9 /* Products */ = {
			isa = PBXGroup;
			children = (
				EC60CB332E878EAF00B065F9 /* StreamAnimation.app */,
				EC60CB402E878EB100B065F9 /* StreamAnimationTests.xctest */,
			);
			name = Products;
			sourceTree = "<group>";
		};
/* End PBXGroup section */

/* Begin PBXNativeTarget section */
		EC60CB322E878EAF00B065F9 /* StreamAnimation */ = {
			isa = PBXNativeTarget;
			buildConfigurationList = EC60CB542E878EB100B065F9 /* Build configuration list for PBXNativeTarget "StreamAnimation" */;
			buildPhases = (
				EC60CB2F2E878EAF00B065F9 /* Sources */,
				EC60CB302E878EAF00B065F9 /* Frameworks */,
				EC60CB312E878EAF00B065F9 /* Resources */,
			);
			buildRules = (
			);
			dependencies = (
			);
			fileSystemSynchronizedGroups = (
				EC60CB352E878EAF00B065F9 /* StreamAnimation */,
			);
			name = StreamAnimation;
			packageProductDependencies = (
				EC88494F2E8F3E0900BC08FA /* SwiftBasicFormat */,
				EC8849512E8F3E0900BC08FA /* SwiftCompilerPlugin */,
				EC8849532E8F3E0900BC08FA /* SwiftDiagnostics */,
				EC8849552E8F3E0900BC08FA /* SwiftIDEUtils */,
				EC8849572E8F3E0900BC08FA /* SwiftIfConfig */,
				EC8849592E8F3E0900BC08FA /* SwiftLexicalLookup */,
				EC88495B2E8F3E0900BC08FA /* SwiftOperators */,
				EC88495D2E8F3E0900BC08FA /* SwiftParser */,
				EC88495F2E8F3E0900BC08FA /* SwiftParserDiagnostics */,
				EC8849612E8F3E0900BC08FA /* SwiftRefactor */,
				EC8849632E8F3E0900BC08FA /* SwiftSyntax */,
				EC8849652E8F3E0900BC08FA /* SwiftSyntaxBuilder */,
				EC8849672E8F3E0900BC08FA /* SwiftSyntaxMacroExpansion */,
				EC8849692E8F3E0900BC08FA /* SwiftSyntaxMacros */,
				EC88496B2E8F3E0900BC08FA /* SwiftSyntaxMacrosGenericTestSupport */,
				EC88496D2E8F3E0900BC08FA /* SwiftSyntaxMacrosTestSupport */,
				EC88496F2E8F3E0900BC08FA /* _SwiftCompilerPluginMessageHandling */,
				EC8849712E8F3E0900BC08FA /* _SwiftLibraryPluginProvider */,
			);
			productName = StreamAnimation;
			productReference = EC60CB332E878EAF00B065F9 /* StreamAnimation.app */;
			productType = "com.apple.product-type.application";
		};
		EC60CB3F2E878EB100B065F9 /* StreamAnimationTests */ = {
			isa = PBXNativeTarget;
			buildConfigurationList = EC60CB572E878EB100B065F9 /* Build configuration list for PBXNativeTarget "StreamAnimationTests" */;
			buildPhases = (
				EC60CB3C2E878EB100B065F9 /* Sources */,
				EC60CB3D2E878EB100B065F9 /* Frameworks */,
				EC60CB3E2E878EB100B065F9 /* Resources */,
			);
			buildRules = (
			);
			dependencies = (
				EC60CB422E878EB100B065F9 /* PBXTargetDependency */,
			);
			fileSystemSynchronizedGroups = (
				EC60CB432E878EB100B065F9 /* StreamAnimationTests */,
			);
			name = StreamAnimationTests;
			packageProductDependencies = (
			);
			productName = StreamAnimationTests;
			productReference = EC60CB402E878EB100B065F9 /* StreamAnimationTests.xctest */;
			productType = "com.apple.product-type.bundle.unit-test";
		};
/* End PBXNativeTarget section */

/* Begin PBXProject section */
		EC60CB2B2E878EAF00B065F9 /* Project object */ = {
			isa = PBXProject;
			attributes = {
				BuildIndependentTargetsInParallel = 1;
				LastSwiftUpdateCheck = 2600;
				LastUpgradeCheck = 2600;
				TargetAttributes = {
					EC60CB322E878EAF00B065F9 = {
						CreatedOnToolsVersion = 26.0.1;
					};
					EC60CB3F2E878EB100B065F9 = {
						CreatedOnToolsVersion = 26.0.1;
						TestTargetID = EC60CB322E878EAF00B065F9;
					};
				};
			};
			buildConfigurationList = EC60CB2E2E878EAF00B065F9 /* Build configuration list for PBXProject "StreamAnimation" */;
			developmentRegion = en;
			hasScannedForEncodings = 0;
			knownRegions = (
				en,
				Base,
			);
			mainGroup = EC60CB2A2E878EAF00B065F9;
			minimizedProjectReferenceProxies = 1;
			packageReferences = (
				EC88494E2E8F3E0900BC08FA /* XCRemoteSwiftPackageReference "swift-syntax" */,
			);
			preferredProjectObjectVersion = 77;
			productRefGroup = EC60CB342E878EAF00B065F9 /* Products */;
			projectDirPath = "";
			projectRoot = "";
			targets = (
				EC60CB322E878EAF00B065F9 /* StreamAnimation */,
				EC60CB3F2E878EB100B065F9 /* StreamAnimationTests */,
			);
		};
/* End PBXProject section */

/* Begin PBXResourcesBuildPhase section */
		EC60CB312E878EAF00B065F9 /* Resources */ = {
			isa = PBXResourcesBuildPhase;
			buildActionMask = 2147483647;
			files = (
			);
			runOnlyForDeploymentPostprocessing = 0;
		};
		EC60CB3E2E878EB100B065F9 /* Resources */ = {
			isa = PBXResourcesBuildPhase;
			buildActionMask = 2147483647;
			files = (
			);
			runOnlyForDeploymentPostprocessing = 0;
		};
/* End PBXResourcesBuildPhase section */

/* Begin PBXSourcesBuildPhase section */
		EC60CB2F2E878EAF00B065F9 /* Sources */ = {
			isa = PBXSourcesBuildPhase;
			buildActionMask = 2147483647;
			files = (
			);
			runOnlyForDeploymentPostprocessing = 0;
		};
		EC60CB3C2E878EB100B065F9 /* Sources */ = {
			isa = PBXSourcesBuildPhase;
			buildActionMask = 2147483647;
			files = (
			);
			runOnlyForDeploymentPostprocessing = 0;
		};
/* End PBXSourcesBuildPhase section */

/* Begin PBXTargetDependency section */
		EC60CB422E878EB100B065F9 /* PBXTargetDependency */ = {
			isa = PBXTargetDependency;
			target = EC60CB322E878EAF00B065F9 /* StreamAnimation */;
			targetProxy = EC60CB412E878EB100B065F9 /* PBXContainerItemProxy */;
		};
/* End PBXTargetDependency section */

/* Begin XCBuildConfiguration section */
		EC60CB522E878EB100B065F9 /* Debug */ = {
			isa = XCBuildConfiguration;
			buildSettings = {
				ALWAYS_SEARCH_USER_PATHS = NO;
				ASSETCATALOG_COMPILER_GENERATE_SWIFT_ASSET_SYMBOL_EXTENSIONS = YES;
				CLANG_ANALYZER_NONNULL = YES;
				CLANG_ANALYZER_NUMBER_OBJECT_CONVERSION = YES_AGGRESSIVE;
				CLANG_CXX_LANGUAGE_STANDARD = "gnu++20";
				CLANG_ENABLE_MODULES = YES;
				CLANG_ENABLE_OBJC_ARC = YES;
				CLANG_ENABLE_OBJC_WEAK = YES;
				CLANG_WARN_BLOCK_CAPTURE_AUTORELEASING = YES;
				CLANG_WARN_BOOL_CONVERSION = YES;
				CLANG_WARN_COMMA = YES;
				CLANG_WARN_CONSTANT_CONVERSION = YES;
				CLANG_WARN_DEPRECATED_OBJC_IMPLEMENTATIONS = YES;
				CLANG_WARN_DIRECT_OBJC_ISA_USAGE = YES_ERROR;
				CLANG_WARN_DOCUMENTATION_COMMENTS = YES;
				CLANG_WARN_EMPTY_BODY = YES;
				CLANG_WARN_ENUM_CONVERSION = YES;
				CLANG_WARN_INFINITE_RECURSION = YES;
				CLANG_WARN_INT_CONVERSION = YES;
				CLANG_WARN_NON_LITERAL_NULL_CONVERSION = YES;
				CLANG_WARN_OBJC_IMPLICIT_RETAIN_SELF = YES;
				CLANG_WARN_OBJC_LITERAL_CONVERSION = YES;
				CLANG_WARN_OBJC_ROOT_CLASS = YES_ERROR;
				CLANG_WARN_QUOTED_INCLUDE_IN_FRAMEWORK_HEADER = YES;
				CLANG_WARN_RANGE_LOOP_ANALYSIS = YES;
				CLANG_WARN_STRICT_PROTOTYPES = YES;
				CLANG_WARN_SUSPICIOUS_MOVE = YES;
				CLANG_WARN_UNGUARDED_AVAILABILITY = YES_AGGRESSIVE;
				CLANG_WARN_UNREACHABLE_CODE = YES;
				CLANG_WARN__DUPLICATE_METHOD_MATCH = YES;
				COPY_PHASE_STRIP = NO;
				DEBUG_INFORMATION_FORMAT = dwarf;
				DEVELOPMENT_TEAM = 57798878NB;
				ENABLE_STRICT_OBJC_MSGSEND = YES;
				ENABLE_TESTABILITY = YES;
				ENABLE_USER_SCRIPT_SANDBOXING = YES;
				GCC_C_LANGUAGE_STANDARD = gnu17;
				GCC_DYNAMIC_NO_PIC = NO;
				GCC_NO_COMMON_BLOCKS = YES;
				GCC_OPTIMIZATION_LEVEL = 0;
				GCC_PREPROCESSOR_DEFINITIONS = (
					"DEBUG=1",
					"$(inherited)",
				);
				GCC_WARN_64_TO_32_BIT_CONVERSION = YES;
				GCC_WARN_ABOUT_RETURN_TYPE = YES_ERROR;
				GCC_WARN_UNDECLARED_SELECTOR = YES;
				GCC_WARN_UNINITIALIZED_AUTOS = YES_AGGRESSIVE;
				GCC_WARN_UNUSED_FUNCTION = YES;
				GCC_WARN_UNUSED_VARIABLE = YES;
				LOCALIZATION_PREFERS_STRING_CATALOGS = YES;
				MTL_ENABLE_DEBUG_INFO = INCLUDE_SOURCE;
				MTL_FAST_MATH = YES;
				ONLY_ACTIVE_ARCH = YES;
				SWIFT_ACTIVE_COMPILATION_CONDITIONS = "DEBUG $(inherited)";
				SWIFT_OPTIMIZATION_LEVEL = "-Onone";
			};
			name = Debug;
		};
		EC60CB532E878EB100B065F9 /* Release */ = {
			isa = XCBuildConfiguration;
			buildSettings = {
				ALWAYS_SEARCH_USER_PATHS = NO;
				ASSETCATALOG_COMPILER_GENERATE_SWIFT_ASSET_SYMBOL_EXTENSIONS = YES;
				CLANG_ANALYZER_NONNULL = YES;
				CLANG_ANALYZER_NUMBER_OBJECT_CONVERSION = YES_AGGRESSIVE;
				CLANG_CXX_LANGUAGE_STANDARD = "gnu++20";
				CLANG_ENABLE_MODULES = YES;
				CLANG_ENABLE_OBJC_ARC = YES;
				CLANG_ENABLE_OBJC_WEAK = YES;
				CLANG_WARN_BLOCK_CAPTURE_AUTORELEASING = YES;
				CLANG_WARN_BOOL_CONVERSION = YES;
				CLANG_WARN_COMMA = YES;
				CLANG_WARN_CONSTANT_CONVERSION = YES;
				CLANG_WARN_DEPRECATED_OBJC_IMPLEMENTATIONS = YES;
				CLANG_WARN_DIRECT_OBJC_ISA_USAGE = YES_ERROR;
				CLANG_WARN_DOCUMENTATION_COMMENTS = YES;
				CLANG_WARN_EMPTY_BODY = YES;
				CLANG_WARN_ENUM_CONVERSION = YES;
				CLANG_WARN_INFINITE_RECURSION = YES;
				CLANG_WARN_INT_CONVERSION = YES;
				CLANG_WARN_NON_LITERAL_NULL_CONVERSION = YES;
				CLANG_WARN_OBJC_IMPLICIT_RETAIN_SELF = YES;
				CLANG_WARN_OBJC_LITERAL_CONVERSION = YES;
				CLANG_WARN_OBJC_ROOT_CLASS = YES_ERROR;
				CLANG_WARN_QUOTED_INCLUDE_IN_FRAMEWORK_HEADER = YES;
				CLANG_WARN_RANGE_LOOP_ANALYSIS = YES;
				CLANG_WARN_STRICT_PROTOTYPES = YES;
				CLANG_WARN_SUSPICIOUS_MOVE = YES;
				CLANG_WARN_UNGUARDED_AVAILABILITY = YES_AGGRESSIVE;
				CLANG_WARN_UNREACHABLE_CODE = YES;
				CLANG_WARN__DUPLICATE_METHOD_MATCH = YES;
				COPY_PHASE_STRIP = NO;
				DEBUG_INFORMATION_FORMAT = "dwarf-with-dsym";
				DEVELOPMENT_TEAM = 57798878NB;
				ENABLE_NS_ASSERTIONS = NO;
				ENABLE_STRICT_OBJC_MSGSEND = YES;
				ENABLE_USER_SCRIPT_SANDBOXING = YES;
				GCC_C_LANGUAGE_STANDARD = gnu17;
				GCC_NO_COMMON_BLOCKS = YES;
				GCC_WARN_64_TO_32_BIT_CONVERSION = YES;
				GCC_WARN_ABOUT_RETURN_TYPE = YES_ERROR;
				GCC_WARN_UNDECLARED_SELECTOR = YES;
				GCC_WARN_UNINITIALIZED_AUTOS = YES_AGGRESSIVE;
				GCC_WARN_UNUSED_FUNCTION = YES;
				GCC_WARN_UNUSED_VARIABLE = YES;
				LOCALIZATION_PREFERS_STRING_CATALOGS = YES;
				MTL_ENABLE_DEBUG_INFO = NO;
				MTL_FAST_MATH = YES;
				SWIFT_COMPILATION_MODE = wholemodule;
			};
			name = Release;
		};
		EC60CB552E878EB100B065F9 /* Debug */ = {
			isa = XCBuildConfiguration;
			buildSettings = {
				ASSETCATALOG_COMPILER_APPICON_NAME = AppIcon;
				ASSETCATALOG_COMPILER_GLOBAL_ACCENT_COLOR_NAME = AccentColor;
				CODE_SIGN_STYLE = Automatic;
				CURRENT_PROJECT_VERSION = 1;
				DEVELOPMENT_TEAM = 57798878NB;
				ENABLE_APP_SANDBOX = YES;
				ENABLE_HARDENED_RUNTIME = YES;
				ENABLE_PREVIEWS = YES;
				ENABLE_USER_SELECTED_FILES = readonly;
				GENERATE_INFOPLIST_FILE = YES;
				"INFOPLIST_KEY_UIApplicationSceneManifest_Generation[sdk=iphoneos*]" = YES;
				"INFOPLIST_KEY_UIApplicationSceneManifest_Generation[sdk=iphonesimulator*]" = YES;
				"INFOPLIST_KEY_UIApplicationSupportsIndirectInputEvents[sdk=iphoneos*]" = YES;
				"INFOPLIST_KEY_UIApplicationSupportsIndirectInputEvents[sdk=iphonesimulator*]" = YES;
				"INFOPLIST_KEY_UILaunchScreen_Generation[sdk=iphoneos*]" = YES;
				"INFOPLIST_KEY_UILaunchScreen_Generation[sdk=iphonesimulator*]" = YES;
				"INFOPLIST_KEY_UIStatusBarStyle[sdk=iphoneos*]" = UIStatusBarStyleDefault;
				"INFOPLIST_KEY_UIStatusBarStyle[sdk=iphonesimulator*]" = UIStatusBarStyleDefault;
				INFOPLIST_KEY_UISupportedInterfaceOrientations_iPad = "UIInterfaceOrientationPortrait UIInterfaceOrientationPortraitUpsideDown UIInterfaceOrientationLandscapeLeft UIInterfaceOrientationLandscapeRight";
				INFOPLIST_KEY_UISupportedInterfaceOrientations_iPhone = "UIInterfaceOrientationPortrait UIInterfaceOrientationLandscapeLeft UIInterfaceOrientationLandscapeRight";
				IPHONEOS_DEPLOYMENT_TARGET = 26.0;
				LD_RUNPATH_SEARCH_PATHS = "@executable_path/Frameworks";
				"LD_RUNPATH_SEARCH_PATHS[sdk=macosx*]" = "@executable_path/../Frameworks";
				MACOSX_DEPLOYMENT_TARGET = 26.0;
				MARKETING_VERSION = 1.0;
				PRODUCT_BUNDLE_IDENTIFIER = uiExperiments.StreamAnimation;
				PRODUCT_NAME = "$(TARGET_NAME)";
				REGISTER_APP_GROUPS = YES;
				SDKROOT = auto;
				STRING_CATALOG_GENERATE_SYMBOLS = YES;
				SUPPORTED_PLATFORMS = "iphoneos iphonesimulator macosx xros xrsimulator";
				SWIFT_APPROACHABLE_CONCURRENCY = YES;
				SWIFT_DEFAULT_ACTOR_ISOLATION = MainActor;
				SWIFT_EMIT_LOC_STRINGS = YES;
				SWIFT_UPCOMING_FEATURE_MEMBER_IMPORT_VISIBILITY = YES;
				SWIFT_VERSION = 5.0;
				TARGETED_DEVICE_FAMILY = "1,2,7";
				XROS_DEPLOYMENT_TARGET = 26.0;
			};
			name = Debug;
		};
		EC60CB562E878EB100B065F9 /* Release */ = {
			isa = XCBuildConfiguration;
			buildSettings = {
				ASSETCATALOG_COMPILER_APPICON_NAME = AppIcon;
				ASSETCATALOG_COMPILER_GLOBAL_ACCENT_COLOR_NAME = AccentColor;
				CODE_SIGN_STYLE = Automatic;
				CURRENT_PROJECT_VERSION = 1;
				DEVELOPMENT_TEAM = 57798878NB;
				ENABLE_APP_SANDBOX = YES;
				ENABLE_HARDENED_RUNTIME = YES;
				ENABLE_PREVIEWS = YES;
				ENABLE_USER_SELECTED_FILES = readonly;
				GENERATE_INFOPLIST_FILE = YES;
				"INFOPLIST_KEY_UIApplicationSceneManifest_Generation[sdk=iphoneos*]" = YES;
				"INFOPLIST_KEY_UIApplicationSceneManifest_Generation[sdk=iphonesimulator*]" = YES;
				"INFOPLIST_KEY_UIApplicationSupportsIndirectInputEvents[sdk=iphoneos*]" = YES;
				"INFOPLIST_KEY_UIApplicationSupportsIndirectInputEvents[sdk=iphonesimulator*]" = YES;
				"INFOPLIST_KEY_UILaunchScreen_Generation[sdk=iphoneos*]" = YES;
				"INFOPLIST_KEY_UILaunchScreen_Generation[sdk=iphonesimulator*]" = YES;
				"INFOPLIST_KEY_UIStatusBarStyle[sdk=iphoneos*]" = UIStatusBarStyleDefault;
				"INFOPLIST_KEY_UIStatusBarStyle[sdk=iphonesimulator*]" = UIStatusBarStyleDefault;
				INFOPLIST_KEY_UISupportedInterfaceOrientations_iPad = "UIInterfaceOrientationPortrait UIInterfaceOrientationPortraitUpsideDown UIInterfaceOrientationLandscapeLeft UIInterfaceOrientationLandscapeRight";
				INFOPLIST_KEY_UISupportedInterfaceOrientations_iPhone = "UIInterfaceOrientationPortrait UIInterfaceOrientationLandscapeLeft UIInterfaceOrientationLandscapeRight";
				IPHONEOS_DEPLOYMENT_TARGET = 26.0;
				LD_RUNPATH_SEARCH_PATHS = "@executable_path/Frameworks";
				"LD_RUNPATH_SEARCH_PATHS[sdk=macosx*]" = "@executable_path/../Frameworks";
				MACOSX_DEPLOYMENT_TARGET = 26.0;
				MARKETING_VERSION = 1.0;
				PRODUCT_BUNDLE_IDENTIFIER = uiExperiments.StreamAnimation;
				PRODUCT_NAME = "$(TARGET_NAME)";
				REGISTER_APP_GROUPS = YES;
				SDKROOT = auto;
				STRING_CATALOG_GENERATE_SYMBOLS = YES;
				SUPPORTED_PLATFORMS = "iphoneos iphonesimulator macosx xros xrsimulator";
				SWIFT_APPROACHABLE_CONCURRENCY = YES;
				SWIFT_DEFAULT_ACTOR_ISOLATION = MainActor;
				SWIFT_EMIT_LOC_STRINGS = YES;
				SWIFT_UPCOMING_FEATURE_MEMBER_IMPORT_VISIBILITY = YES;
				SWIFT_VERSION = 5.0;
				TARGETED_DEVICE_FAMILY = "1,2,7";
				XROS_DEPLOYMENT_TARGET = 26.0;
			};
			name = Release;
		};
		EC60CB582E878EB100B065F9 /* Debug */ = {
			isa = XCBuildConfiguration;
			buildSettings = {
				BUNDLE_LOADER = "$(TEST_HOST)";
				CODE_SIGN_STYLE = Automatic;
				CURRENT_PROJECT_VERSION = 1;
				DEVELOPMENT_TEAM = 57798878NB;
				GENERATE_INFOPLIST_FILE = YES;
				IPHONEOS_DEPLOYMENT_TARGET = 26.0;
				MACOSX_DEPLOYMENT_TARGET = 26.0;
				MARKETING_VERSION = 1.0;
				PRODUCT_BUNDLE_IDENTIFIER = uiExperiments.StreamAnimationTests;
				PRODUCT_NAME = "$(TARGET_NAME)";
				SDKROOT = auto;
				STRING_CATALOG_GENERATE_SYMBOLS = NO;
				SUPPORTED_PLATFORMS = "iphoneos iphonesimulator macosx xros xrsimulator";
				SWIFT_APPROACHABLE_CONCURRENCY = YES;
				SWIFT_EMIT_LOC_STRINGS = NO;
				SWIFT_UPCOMING_FEATURE_MEMBER_IMPORT_VISIBILITY = YES;
				SWIFT_VERSION = 5.0;
				TARGETED_DEVICE_FAMILY = "1,2,7";
				TEST_HOST = "$(BUILT_PRODUCTS_DIR)/StreamAnimation.app/$(BUNDLE_EXECUTABLE_FOLDER_PATH)/StreamAnimation";
				XROS_DEPLOYMENT_TARGET = 26.0;
			};
			name = Debug;
		};
		EC60CB592E878EB100B065F9 /* Release */ = {
			isa = XCBuildConfiguration;
			buildSettings = {
				BUNDLE_LOADER = "$(TEST_HOST)";
				CODE_SIGN_STYLE = Automatic;
				CURRENT_PROJECT_VERSION = 1;
				DEVELOPMENT_TEAM = 57798878NB;
				GENERATE_INFOPLIST_FILE = YES;
				IPHONEOS_DEPLOYMENT_TARGET = 26.0;
				MACOSX_DEPLOYMENT_TARGET = 26.0;
				MARKETING_VERSION = 1.0;
				PRODUCT_BUNDLE_IDENTIFIER = uiExperiments.StreamAnimationTests;
				PRODUCT_NAME = "$(TARGET_NAME)";
				SDKROOT = auto;
				STRING_CATALOG_GENERATE_SYMBOLS = NO;
				SUPPORTED_PLATFORMS = "iphoneos iphonesimulator macosx xros xrsimulator";
				SWIFT_APPROACHABLE_CONCURRENCY = YES;
				SWIFT_EMIT_LOC_STRINGS = NO;
				SWIFT_UPCOMING_FEATURE_MEMBER_IMPORT_VISIBILITY = YES;
				SWIFT_VERSION = 5.0;
				TARGETED_DEVICE_FAMILY = "1,2,7";
				TEST_HOST = "$(BUILT_PRODUCTS_DIR)/StreamAnimation.app/$(BUNDLE_EXECUTABLE_FOLDER_PATH)/StreamAnimation";
				XROS_DEPLOYMENT_TARGET = 26.0;
			};
			name = Release;
		};
/* End XCBuildConfiguration section */

/* Begin XCConfigurationList section */
		EC60CB2E2E878EAF00B065F9 /* Build configuration list for PBXProject "StreamAnimation" */ = {
			isa = XCConfigurationList;
			buildConfigurations = (
				EC60CB522E878EB100B065F9 /* Debug */,
				EC60CB532E878EB100B065F9 /* Release */,
			);
			defaultConfigurationIsVisible = 0;
			defaultConfigurationName = Release;
		};
		EC60CB542E878EB100B065F9 /* Build configuration list for PBXNativeTarget "StreamAnimation" */ = {
			isa = XCConfigurationList;
			buildConfigurations = (
				EC60CB552E878EB100B065F9 /* Debug */,
				EC60CB562E878EB100B065F9 /* Release */,
			);
			defaultConfigurationIsVisible = 0;
			defaultConfigurationName = Release;
		};
		EC60CB572E878EB100B065F9 /* Build configuration list for PBXNativeTarget "StreamAnimationTests" */ = {
			isa = XCConfigurationList;
			buildConfigurations = (
				EC60CB582E878EB100B065F9 /* Debug */,
				EC60CB592E878EB100B065F9 /* Release */,
			);
			defaultConfigurationIsVisible = 0;
			defaultConfigurationName = Release;
		};
/* End XCConfigurationList section */

/* Begin XCRemoteSwiftPackageReference section */
		EC88494E2E8F3E0900BC08FA /* XCRemoteSwiftPackageReference "swift-syntax" */ = {
			isa = XCRemoteSwiftPackageReference;
			repositoryURL = "https://github.com/swiftlang/swift-syntax.git";
			requirement = {
				kind = upToNextMajorVersion;
				minimumVersion = 602.0.0;
			};
		};
/* End XCRemoteSwiftPackageReference section */

/* Begin XCSwiftPackageProductDependency section */
		EC88494F2E8F3E0900BC08FA /* SwiftBasicFormat */ = {
			isa = XCSwiftPackageProductDependency;
			package = EC88494E2E8F3E0900BC08FA /* XCRemoteSwiftPackageReference "swift-syntax" */;
			productName = SwiftBasicFormat;
		};
		EC8849512E8F3E0900BC08FA /* SwiftCompilerPlugin */ = {
			isa = XCSwiftPackageProductDependency;
			package = EC88494E2E8F3E0900BC08FA /* XCRemoteSwiftPackageReference "swift-syntax" */;
			productName = SwiftCompilerPlugin;
		};
		EC8849532E8F3E0900BC08FA /* SwiftDiagnostics */ = {
			isa = XCSwiftPackageProductDependency;
			package = EC88494E2E8F3E0900BC08FA /* XCRemoteSwiftPackageReference "swift-syntax" */;
			productName = SwiftDiagnostics;
		};
		EC8849552E8F3E0900BC08FA /* SwiftIDEUtils */ = {
			isa = XCSwiftPackageProductDependency;
			package = EC88494E2E8F3E0900BC08FA /* XCRemoteSwiftPackageReference "swift-syntax" */;
			productName = SwiftIDEUtils;
		};
		EC8849572E8F3E0900BC08FA /* SwiftIfConfig */ = {
			isa = XCSwiftPackageProductDependency;
			package = EC88494E2E8F3E0900BC08FA /* XCRemoteSwiftPackageReference "swift-syntax" */;
			productName = SwiftIfConfig;
		};
		EC8849592E8F3E0900BC08FA /* SwiftLexicalLookup */ = {
			isa = XCSwiftPackageProductDependency;
			package = EC88494E2E8F3E0900BC08FA /* XCRemoteSwiftPackageReference "swift-syntax" */;
			productName = SwiftLexicalLookup;
		};
		EC88495B2E8F3E0900BC08FA /* SwiftOperators */ = {
			isa = XCSwiftPackageProductDependency;
			package = EC88494E2E8F3E0900BC08FA /* XCRemoteSwiftPackageReference "swift-syntax" */;
			productName = SwiftOperators;
		};
		EC88495D2E8F3E0900BC08FA /* SwiftParser */ = {
			isa = XCSwiftPackageProductDependency;
			package = EC88494E2E8F3E0900BC08FA /* XCRemoteSwiftPackageReference "swift-syntax" */;
			productName = SwiftParser;
		};
		EC88495F2E8F3E0900BC08FA /* SwiftParserDiagnostics */ = {
			isa = XCSwiftPackageProductDependency;
			package = EC88494E2E8F3E0900BC08FA /* XCRemoteSwiftPackageReference "swift-syntax" */;
			productName = SwiftParserDiagnostics;
		};
		EC8849612E8F3E0900BC08FA /* SwiftRefactor */ = {
			isa = XCSwiftPackageProductDependency;
			package = EC88494E2E8F3E0900BC08FA /* XCRemoteSwiftPackageReference "swift-syntax" */;
			productName = SwiftRefactor;
		};
		EC8849632E8F3E0900BC08FA /* SwiftSyntax */ = {
			isa = XCSwiftPackageProductDependency;
			package = EC88494E2E8F3E0900BC08FA /* XCRemoteSwiftPackageReference "swift-syntax" */;
			productName = SwiftSyntax;
		};
		EC8849652E8F3E0900BC08FA /* SwiftSyntaxBuilder */ = {
			isa = XCSwiftPackageProductDependency;
			package = EC88494E2E8F3E0900BC08FA /* XCRemoteSwiftPackageReference "swift-syntax" */;
			productName = SwiftSyntaxBuilder;
		};
		EC8849672E8F3E0900BC08FA /* SwiftSyntaxMacroExpansion */ = {
			isa = XCSwiftPackageProductDependency;
			package = EC88494E2E8F3E0900BC08FA /* XCRemoteSwiftPackageReference "swift-syntax" */;
			productName = SwiftSyntaxMacroExpansion;
		};
		EC8849692E8F3E0900BC08FA /* SwiftSyntaxMacros */ = {
			isa = XCSwiftPackageProductDependency;
			package = EC88494E2E8F3E0900BC08FA /* XCRemoteSwiftPackageReference "swift-syntax" */;
			productName = SwiftSyntaxMacros;
		};
		EC88496B2E8F3E0900BC08FA /* SwiftSyntaxMacrosGenericTestSupport */ = {
			isa = XCSwiftPackageProductDependency;
			package = EC88494E2E8F3E0900BC08FA /* XCRemoteSwiftPackageReference "swift-syntax" */;
			productName = SwiftSyntaxMacrosGenericTestSupport;
		};
		EC88496D2E8F3E0900BC08FA /* SwiftSyntaxMacrosTestSupport */ = {
			isa = XCSwiftPackageProductDependency;
			package = EC88494E2E8F3E0900BC08FA /* XCRemoteSwiftPackageReference "swift-syntax" */;
			productName = SwiftSyntaxMacrosTestSupport;
		};
		EC88496F2E8F3E0900BC08FA /* _SwiftCompilerPluginMessageHandling */ = {
			isa = XCSwiftPackageProductDependency;
			package = EC88494E2E8F3E0900BC08FA /* XCRemoteSwiftPackageReference "swift-syntax" */;
			productName = _SwiftCompilerPluginMessageHandling;
		};
		EC8849712E8F3E0900BC08FA /* _SwiftLibraryPluginProvider */ = {
			isa = XCSwiftPackageProductDependency;
			package = EC88494E2E8F3E0900BC08FA /* XCRemoteSwiftPackageReference "swift-syntax" */;
			productName = _SwiftLibraryPluginProvider;
		};
/* End XCSwiftPackageProductDependency section */
	};
	rootObject = EC60CB2B2E878EAF00B065F9 /* Project object */;
}
